
Microsoft Visual Studio Solution File, Format Version 12.00
# Visual Studio Version 17
VisualStudioVersion = 17.7.34024.191
MinimumVisualStudioVersion = 10.0.40219.1
Project("{9A19103F-16F7-4668-BE54-9A1E7A4F7556}") = "bookDemo", "bookDemo.csproj", "{EBA8326D-398E-4C77-A882-C2C43333C645}"
EndProject
Global
	GlobalSection(SolutionConfigurationPlatforms) = preSolution
		Debug|Any CPU = Debug|Any CPU
		Release|Any CPU = Release|Any CPU
	EndGlobalSection
	GlobalSection(ProjectConfigurationPlatforms) = postSolution
		{EBA8326D-398E-4C77-A882-C2C43333C645}.Debug|Any CPU.ActiveCfg = Debug|Any CPU
		{EBA8326D-398E-4C77-A882-C2C43333C645}.Debug|Any CPU.Build.0 = Debug|Any CPU
		{EBA8326D-398E-4C77-A882-C2C43333C645}.Release|Any CPU.ActiveCfg = Release|Any CPU
		{EBA8326D-398E-4C77-A882-C2C43333C645}.Release|Any CPU.Build.0 = Release|Any CPU
	EndGlobalSection
	GlobalSection(SolutionProperties) = preSolution
		HideSolutionNode = FALSE
	EndGlobalSection
	GlobalSection(ExtensibilityGlobals) = postSolution
		SolutionGuid = {5C6A7DC7-D479-40A6-94E0-EB8DB5239537}
	EndGlobalSection
EndGlobal
